
Microsoft Visual Studio Solution File, Format Version 12.00
# Visual Studio Version 17
VisualStudioVersion = 17.0.31903.59
MinimumVisualStudioVersion = 10.0.40219.1
Project("{2150E333-8FDC-42A3-9474-1A3956D46DE8}") = "src", "src", "{6C7D8FB6-817F-4128-95F4-7F3B97BA3299}"
EndProject
Project("{FAE04EC0-301F-11D3-BF4B-00C04F79EFBC}") = "KVYS.Shared", "src\KVYS.Shared\KVYS.Shared.csproj", "{F03CB3E0-A9ED-49F2-A613-F7FF83CD1D3B}"
EndProject
Project("{FAE04EC0-301F-11D3-BF4B-00C04F79EFBC}") = "KVYS.Identity", "src\KVYS.Identity\KVYS.Identity.csproj", "{A842A90B-FC18-4839-8933-C683A21C2F74}"
EndProject
Project("{FAE04EC0-301F-11D3-BF4B-00C04F79EFBC}") = "KVYS.Api", "src\KVYS.Api\KVYS.Api.csproj", "{570F20AD-F438-40BD-8356-1A591401E2F7}"
EndProject
Project("{FAE04EC0-301F-11D3-BF4B-00C04F79EFBC}") = "KVYS.Web", "src\KVYS.Web\KVYS.Web.csproj", "{B212736D-53C4-444A-B445-7C01F16A1A41}"
EndProject
Project("{2150E333-8FDC-42A3-9474-1A3956D46DE8}") = "Modules", "Modules", "{8104B260-847F-4888-810C-D543AB60A895}"
EndProject
Project("{FAE04EC0-301F-11D3-BF4B-00C04F79EFBC}") = "KVYS.Education", "src\Modules\KVYS.Education\KVYS.Education.csproj", "{65753967-0695-41D9-8729-93352BC47CBA}"
EndProject
Project("{FAE04EC0-301F-11D3-BF4B-00C04F79EFBC}") = "KVYS.QualityIndicators", "src\Modules\KVYS.QualityIndicators\KVYS.QualityIndicators.csproj", "{B723D968-E38B-4EF7-89A4-06117DAB2D23}"
EndProject
Project("{FAE04EC0-301F-11D3-BF4B-00C04F79EFBC}") = "KVYS.Stakeholders", "src\Modules\KVYS.Stakeholders\KVYS.Stakeholders.csproj", "{BEFB905D-3F1B-4E58-A6AB-80B27941D463}"
EndProject
Project("{FAE04EC0-301F-11D3-BF4B-00C04F79EFBC}") = "KVYS.Reporting", "src\Modules\KVYS.Reporting\KVYS.Reporting.csproj", "{6561B8DC-A5B7-400F-83C2-0684950C993D}"
EndProject
Project("{FAE04EC0-301F-11D3-BF4B-00C04F79EFBC}") = "KVYS.Archive", "src\Modules\KVYS.Archive\KVYS.Archive.csproj", "{A5707B41-C381-456F-97D2-E29091558292}"
EndProject
Global
	GlobalSection(SolutionConfigurationPlatforms) = preSolution
		Debug|Any CPU = Debug|Any CPU
		Release|Any CPU = Release|Any CPU
	EndGlobalSection
	GlobalSection(SolutionProperties) = preSolution
		HideSolutionNode = FALSE
	EndGlobalSection
	GlobalSection(ProjectConfigurationPlatforms) = postSolution
		{F03CB3E0-A9ED-49F2-A613-F7FF83CD1D3B}.Debug|Any CPU.ActiveCfg = Debug|Any CPU
		{F03CB3E0-A9ED-49F2-A613-F7FF83CD1D3B}.Debug|Any CPU.Build.0 = Debug|Any CPU
		{F03CB3E0-A9ED-49F2-A613-F7FF83CD1D3B}.Release|Any CPU.ActiveCfg = Release|Any CPU
		{F03CB3E0-A9ED-49F2-A613-F7FF83CD1D3B}.Release|Any CPU.Build.0 = Release|Any CPU
		{A842A90B-FC18-4839-8933-C683A21C2F74}.Debug|Any CPU.ActiveCfg = Debug|Any CPU
		{A842A90B-FC18-4839-8933-C683A21C2F74}.Debug|Any CPU.Build.0 = Debug|Any CPU
		{A842A90B-FC18-4839-8933-C683A21C2F74}.Release|Any CPU.ActiveCfg = Release|Any CPU
		{A842A90B-FC18-4839-8933-C683A21C2F74}.Release|Any CPU.Build.0 = Release|Any CPU
		{570F20AD-F438-40BD-8356-1A591401E2F7}.Debug|Any CPU.ActiveCfg = Debug|Any CPU
		{570F20AD-F438-40BD-8356-1A591401E2F7}.Debug|Any CPU.Build.0 = Debug|Any CPU
		{570F20AD-F438-40BD-8356-1A591401E2F7}.Release|Any CPU.ActiveCfg = Release|Any CPU
		{570F20AD-F438-40BD-8356-1A591401E2F7}.Release|Any CPU.Build.0 = Release|Any CPU
		{B212736D-53C4-444A-B445-7C01F16A1A41}.Debug|Any CPU.ActiveCfg = Debug|Any CPU
		{B212736D-53C4-444A-B445-7C01F16A1A41}.Debug|Any CPU.Build.0 = Debug|Any CPU
		{B212736D-53C4-444A-B445-7C01F16A1A41}.Release|Any CPU.ActiveCfg = Release|Any CPU
		{B212736D-53C4-444A-B445-7C01F16A1A41}.Release|Any CPU.Build.0 = Release|Any CPU
		{65753967-0695-41D9-8729-93352BC47CBA}.Debug|Any CPU.ActiveCfg = Debug|Any CPU
		{65753967-0695-41D9-8729-93352BC47CBA}.Debug|Any CPU.Build.0 = Debug|Any CPU
		{65753967-0695-41D9-8729-93352BC47CBA}.Release|Any CPU.ActiveCfg = Release|Any CPU
		{65753967-0695-41D9-8729-93352BC47CBA}.Release|Any CPU.Build.0 = Release|Any CPU
		{B723D968-E38B-4EF7-89A4-06117DAB2D23}.Debug|Any CPU.ActiveCfg = Debug|Any CPU
		{B723D968-E38B-4EF7-89A4-06117DAB2D23}.Debug|Any CPU.Build.0 = Debug|Any CPU
		{B723D968-E38B-4EF7-89A4-06117DAB2D23}.Release|Any CPU.ActiveCfg = Release|Any CPU
		{B723D968-E38B-4EF7-89A4-06117DAB2D23}.Release|Any CPU.Build.0 = Release|Any CPU
		{BEFB905D-3F1B-4E58-A6AB-80B27941D463}.Debug|Any CPU.ActiveCfg = Debug|Any CPU
		{BEFB905D-3F1B-4E58-A6AB-80B27941D463}.Debug|Any CPU.Build.0 = Debug|Any CPU
		{BEFB905D-3F1B-4E58-A6AB-80B27941D463}.Release|Any CPU.ActiveCfg = Release|Any CPU
		{BEFB905D-3F1B-4E58-A6AB-80B27941D463}.Release|Any CPU.Build.0 = Release|Any CPU
		{6561B8DC-A5B7-400F-83C2-0684950C993D}.Debug|Any CPU.ActiveCfg = Debug|Any CPU
		{6561B8DC-A5B7-400F-83C2-0684950C993D}.Debug|Any CPU.Build.0 = Debug|Any CPU
		{6561B8DC-A5B7-400F-83C2-0684950C993D}.Release|Any CPU.ActiveCfg = Release|Any CPU
		{6561B8DC-A5B7-400F-83C2-0684950C993D}.Release|Any CPU.Build.0 = Release|Any CPU
		{A5707B41-C381-456F-97D2-E29091558292}.Debug|Any CPU.ActiveCfg = Debug|Any CPU
		{A5707B41-C381-456F-97D2-E29091558292}.Debug|Any CPU.Build.0 = Debug|Any CPU
		{A5707B41-C381-456F-97D2-E29091558292}.Release|Any CPU.ActiveCfg = Release|Any CPU
		{A5707B41-C381-456F-97D2-E29091558292}.Release|Any CPU.Build.0 = Release|Any CPU
	EndGlobalSection
	GlobalSection(NestedProjects) = preSolution
		{F03CB3E0-A9ED-49F2-A613-F7FF83CD1D3B} = {6C7D8FB6-817F-4128-95F4-7F3B97BA3299}
		{A842A90B-FC18-4839-8933-C683A21C2F74} = {6C7D8FB6-817F-4128-95F4-7F3B97BA3299}
		{570F20AD-F438-40BD-8356-1A591401E2F7} = {6C7D8FB6-817F-4128-95F4-7F3B97BA3299}
		{B212736D-53C4-444A-B445-7C01F16A1A41} = {6C7D8FB6-817F-4128-95F4-7F3B97BA3299}
		{8104B260-847F-4888-810C-D543AB60A895} = {6C7D8FB6-817F-4128-95F4-7F3B97BA3299}
		{65753967-0695-41D9-8729-93352BC47CBA} = {8104B260-847F-4888-810C-D543AB60A895}
		{B723D968-E38B-4EF7-89A4-06117DAB2D23} = {8104B260-847F-4888-810C-D543AB60A895}
		{BEFB905D-3F1B-4E58-A6AB-80B27941D463} = {8104B260-847F-4888-810C-D543AB60A895}
		{6561B8DC-A5B7-400F-83C2-0684950C993D} = {8104B260-847F-4888-810C-D543AB60A895}
		{A5707B41-C381-456F-97D2-E29091558292} = {8104B260-847F-4888-810C-D543AB60A895}
	EndGlobalSection
EndGlobal
